
Microsoft Visual Studio Solution File, Format Version 12.00
# Visual Studio Version 17
VisualStudioVersion = 17.9.34723.18
MinimumVisualStudioVersion = 10.0.40219.1
Project("{FAE04EC0-301F-11D3-BF4B-00C04F79EFBC}") = "sberbank", "sberbank\sberbank.csproj", "{DCAD4B45-18F1-4CC3-954D-9FA6E1AF5421}"
EndProject
Global
	GlobalSection(SolutionConfigurationPlatforms) = preSolution
		Debug|Any CPU = Debug|Any CPU
		Release|Any CPU = Release|Any CPU
	EndGlobalSection
	GlobalSection(ProjectConfigurationPlatforms) = postSolution
		{DCAD4B45-18F1-4CC3-954D-9FA6E1AF5421}.Debug|Any CPU.ActiveCfg = Debug|Any CPU
		{DCAD4B45-18F1-4CC3-954D-9FA6E1AF5421}.Debug|Any CPU.Build.0 = Debug|Any CPU
		{DCAD4B45-18F1-4CC3-954D-9FA6E1AF5421}.Release|Any CPU.ActiveCfg = Release|Any CPU
		{DCAD4B45-18F1-4CC3-954D-9FA6E1AF5421}.Release|Any CPU.Build.0 = Release|Any CPU
	EndGlobalSection
	GlobalSection(SolutionProperties) = preSolution
		HideSolutionNode = FALSE
	EndGlobalSection
	GlobalSection(ExtensibilityGlobals) = postSolution
		SolutionGuid = {FB8501C9-016C-4F0C-955B-84EC9D0139BA}
	EndGlobalSection
EndGlobal
